version = 1
revision = 3
requires-python = "==3.8.*"

[[package]]
name = "aiohappyeyeballs"
version = "2.4.4"
source = { registry = "https://pypi.org/simple" }
sdist = { url = "https://files.pythonhosted.org/packages/7f/55/e4373e888fdacb15563ef6fa9fa8c8252476ea071e96fb46defac9f18bf2/aiohappyeyeballs-2.4.4.tar.gz", hash = "sha256:5fdd7d87889c63183afc18ce9271f9b0a7d32c2303e394468dd45d514a757745", size = 21977, upload-time = "2024-11-30T18:44:00.701Z" }
wheels = [
    { url = "https://files.pythonhosted.org/packages/b9/74/fbb6559de3607b3300b9be3cc64e97548d55678e44623db17820dbd20002/aiohappyeyeballs-2.4.4-py3-none-any.whl", hash = "sha256:a980909d50efcd44795c4afeca523296716d50cd756ddca6af8c65b996e27de8", size = 14756, upload-time = "2024-11-30T18:43:39.849Z" },
]

[[package]]
name = "aiohttp"
version = "3.10.11"
source = { registry = "https://pypi.org/simple" }
dependencies = [
    { name = "aiohappyeyeballs" },
    { name = "aiosignal" },
    { name = "async-timeout" },
    { name = "attrs" },
    { name = "frozenlist" },
    { name = "multidict" },
    { name = "yarl" },
]
sdist = { url = "https://files.pythonhosted.org/packages/25/a8/8e2ba36c6e3278d62e0c88aa42bb92ddbef092ac363b390dab4421da5cf5/aiohttp-3.10.11.tar.gz", hash = "sha256:9dc2b8f3dcab2e39e0fa309c8da50c3b55e6f34ab25f1a71d3288f24924d33a7", size = 7551886, upload-time = "2024-11-13T16:40:33.335Z" }
wheels = [
    { url = "https://files.pythonhosted.org/packages/dd/f2/59165bee7bba0b0634525834c622f152a30715a1d8280f6291a0cb86b1e6/aiohttp-3.10.11-cp38-cp38-macosx_10_9_universal2.whl", hash = "sha256:74baf1a7d948b3d640badeac333af581a367ab916b37e44cf90a0334157cdfd2", size = 592135, upload-time = "2024-11-13T16:39:04.774Z" },
    { url = "https://files.pythonhosted.org/packages/2e/0e/b3555c504745af66efbf89d16811148ff12932b86fad529d115538fe2739/aiohttp-3.10.11-cp38-cp38-macosx_10_9_x86_64.whl", hash = "sha256:473aebc3b871646e1940c05268d451f2543a1d209f47035b594b9d4e91ce8339", size = 402913, upload-time = "2024-11-13T16:39:08.065Z" },
    { url = "https://files.pythonhosted.org/packages/31/bb/2890a3c77126758ef58536ca9f7476a12ba2021e0cd074108fb99b8c8747/aiohttp-3.10.11-cp38-cp38-macosx_11_0_arm64.whl", hash = "sha256:c2f746a6968c54ab2186574e15c3f14f3e7f67aef12b761e043b33b89c5b5f95", size = 394013, upload-time = "2024-11-13T16:39:10.638Z" },
    { url = "https://files.pythonhosted.org/packages/74/82/0ab5199b473558846d72901a714b6afeb6f6a6a6a4c3c629e2c107418afd/aiohttp-3.10.11-cp38-cp38-manylinux_2_17_aarch64.manylinux2014_aarch64.whl", hash = "sha256:d110cabad8360ffa0dec8f6ec60e43286e9d251e77db4763a87dcfe55b4adb92", size = 1255578, upload-time = "2024-11-13T16:39:13.14Z" },
    { url = "https://files.pythonhosted.org/packages/f8/b2/f232477dd3c0e95693a903c4815bfb8d831f6a1a67e27ad14d30a774eeda/aiohttp-3.10.11-cp38-cp38-manylinux_2_17_ppc64le.manylinux2014_ppc64le.whl", hash = "sha256:e0099c7d5d7afff4202a0c670e5b723f7718810000b4abcbc96b064129e64bc7", size = 1298780, upload-time = "2024-11-13T16:39:15.721Z" },
    { url = "https://files.pythonhosted.org/packages/34/8c/11972235a6b53d5b69098f2ee6629ff8f99cd9592dcaa620c7868deb5673/aiohttp-3.10.11-cp38-cp38-manylinux_2_17_s390x.manylinux2014_s390x.whl", hash = "sha256:0316e624b754dbbf8c872b62fe6dcb395ef20c70e59890dfa0de9eafccd2849d", size = 1336093, upload-time = "2024-11-13T16:39:19.11Z" },
    { url = "https://files.pythonhosted.org/packages/03/be/7ad9a6cd2312221cf7b6837d8e2d8e4660fbd4f9f15bccf79ef857f41f4d/aiohttp-3.10.11-cp38-cp38-manylinux_2_17_x86_64.manylinux2014_x86_64.whl", hash = "sha256:5a5f7ab8baf13314e6b2485965cbacb94afff1e93466ac4d06a47a81c50f9cca", size = 1250296, upload-time = "2024-11-13T16:39:22.363Z" },
    { url = "https://files.pythonhosted.org/packages/bb/8d/a3885a582d9fc481bccb155d082f83a7a846942e36e4a4bba061e3d6b95e/aiohttp-3.10.11-cp38-cp38-manylinux_2_5_i686.manylinux1_i686.manylinux_2_17_i686.manylinux2014_i686.whl", hash = "sha256:c891011e76041e6508cbfc469dd1a8ea09bc24e87e4c204e05f150c4c455a5fa", size = 1215020, upload-time = "2024-11-13T16:39:25.205Z" },
    { url = "https://files.pythonhosted.org/packages/bb/e7/09a1736b7264316dc3738492d9b559f2a54b985660f21d76095c9890a62e/aiohttp-3.10.11-cp38-cp38-musllinux_1_2_aarch64.whl", hash = "sha256:9208299251370ee815473270c52cd3f7069ee9ed348d941d574d1457d2c73e8b", size = 1210591, upload-time = "2024-11-13T16:39:28.311Z" },
    { url = "https://files.pythonhosted.org/packages/58/b1/ee684631f6af98065d49ac8416db7a8e74ea33e1378bc75952ab0522342f/aiohttp-3.10.11-cp38-cp38-musllinux_1_2_i686.whl", hash = "sha256:459f0f32c8356e8125f45eeff0ecf2b1cb6db1551304972702f34cd9e6c44658", size = 1211255, upload-time = "2024-11-13T16:39:30.799Z" },
    { url = "https://files.pythonhosted.org/packages/8f/55/e21e312fd6c581f244dd2ed077ccb784aade07c19416a6316b1453f02c4e/aiohttp-3.10.11-cp38-cp38-musllinux_1_2_ppc64le.whl", hash = "sha256:14cdc8c1810bbd4b4b9f142eeee23cda528ae4e57ea0923551a9af4820980e39", size = 1278114, upload-time = "2024-11-13T16:39:34.141Z" },
    { url = "https://files.pythonhosted.org/packages/d8/7f/ff6df0e90df6759693f52720ebedbfa10982d97aa1fd02c6ca917a6399ea/aiohttp-3.10.11-cp38-cp38-musllinux_1_2_s390x.whl", hash = "sha256:971aa438a29701d4b34e4943e91b5e984c3ae6ccbf80dd9efaffb01bd0b243a9", size = 1292714, upload-time = "2024-11-13T16:39:37.216Z" },
    { url = "https://files.pythonhosted.org/packages/3a/45/63f35367dfffae41e7abd0603f92708b5b3655fda55c08388ac2c7fb127b/aiohttp-3.10.11-cp38-cp38-musllinux_1_2_x86_64.whl", hash = "sha256:9a309c5de392dfe0f32ee57fa43ed8fc6ddf9985425e84bd51ed66bb16bce3a7", size = 1233734, upload-time = "2024-11-13T16:39:40.599Z" },
    { url = "https://files.pythonhosted.org/packages/ec/ee/74b0696c0e84e06c43beab9302f353d97dc9f0cccd7ccf3ee648411b849b/aiohttp-3.10.11-cp38-cp38-win32.whl", hash = "sha256:9ec1628180241d906a0840b38f162a3215114b14541f1a8711c368a8739a9be4", size = 365350, upload-time = "2024-11-13T16:39:43.852Z" },
    { url = "https://files.pythonhosted.org/packages/21/0c/74c895688db09a2852056abf32d128991ec2fb41e5f57a1fe0928e15151c/aiohttp-3.10.11-cp38-cp38-win_amd64.whl", hash = "sha256:9c6e0ffd52c929f985c7258f83185d17c76d4275ad22e90aa29f38e211aacbec", size = 384542, upload-time = "2024-11-13T16:39:47.093Z" },
]

[[package]]
name = "aiohttp-cors"
version = "0.7.0"
source = { registry = "https://pypi.org/simple" }
dependencies = [
    { name = "aiohttp" },
]
sdist = { url = "https://files.pythonhosted.org/packages/44/9e/6cdce7c3f346d8fd487adf68761728ad8cd5fbc296a7b07b92518350d31f/aiohttp-cors-0.7.0.tar.gz", hash = "sha256:4d39c6d7100fd9764ed1caf8cebf0eb01bf5e3f24e2e073fda6234bc48b19f5d", size = 35966, upload-time = "2018-03-06T15:45:42.936Z" }
wheels = [
    { url = "https://files.pythonhosted.org/packages/13/e7/e436a0c0eb5127d8b491a9b83ecd2391c6ff7dcd5548dfaec2080a2340fd/aiohttp_cors-0.7.0-py3-none-any.whl", hash = "sha256:0451ba59fdf6909d0e2cd21e4c0a43752bc0703d33fc78ae94d9d9321710193e", size = 27564, upload-time = "2018-03-06T15:45:42.034Z" },
]

[[package]]
name = "aiosignal"
version = "1.3.1"
source = { registry = "https://pypi.org/simple" }
dependencies = [
    { name = "frozenlist" },
]
sdist = { url = "https://files.pythonhosted.org/packages/ae/67/0952ed97a9793b4958e5736f6d2b346b414a2cd63e82d05940032f45b32f/aiosignal-1.3.1.tar.gz", hash = "sha256:54cd96e15e1649b75d6c87526a6ff0b6c1b0dd3459f43d9ca11d48c339b68cfc", size = 19422, upload-time = "2022-11-08T16:03:58.806Z" }
wheels = [
    { url = "https://files.pythonhosted.org/packages/76/ac/a7305707cb852b7e16ff80eaf5692309bde30e2b1100a1fcacdc8f731d97/aiosignal-1.3.1-py3-none-any.whl", hash = "sha256:f8376fb07dd1e86a584e4fcdec80b36b7f81aac666ebc724e2c090300dd83b17", size = 7617, upload-time = "2022-11-08T16:03:57.483Z" },
]

[[package]]
name = "async-timeout"
version = "5.0.1"
source = { registry = "https://pypi.org/simple" }
sdist = { url = "https://files.pythonhosted.org/packages/a5/ae/136395dfbfe00dfc94da3f3e136d0b13f394cba8f4841120e34226265780/async_timeout-5.0.1.tar.gz", hash = "sha256:d9321a7a3d5a6a5e187e824d2fa0793ce379a202935782d555d6e9d2735677d3", size = 9274, upload-time = "2024-11-06T16:41:39.6Z" }
wheels = [
    { url = "https://files.pythonhosted.org/packages/fe/ba/e2081de779ca30d473f21f5b30e0e737c438205440784c7dfc81efc2b029/async_timeout-5.0.1-py3-none-any.whl", hash = "sha256:39e3809566ff85354557ec2398b55e096c8364bacac9405a7a1fa429e77fe76c", size = 6233, upload-time = "2024-11-06T16:41:37.9Z" },
]

[[package]]
name = "attrs"
version = "25.3.0"
source = { registry = "https://pypi.org/simple" }
sdist = { url = "https://files.pythonhosted.org/packages/5a/b0/1367933a8532ee6ff8d63537de4f1177af4bff9f3e829baf7331f595bb24/attrs-25.3.0.tar.gz", hash = "sha256:75d7cefc7fb576747b2c81b4442d4d4a1ce0900973527c011d1030fd3bf4af1b", size = 812032, upload-time = "2025-03-13T11:10:22.779Z" }
wheels = [
    { url = "https://files.pythonhosted.org/packages/77/06/bb80f5f86020c4551da315d78b3ab75e8228f89f0162f2c3a819e407941a/attrs-25.3.0-py3-none-any.whl", hash = "sha256:427318ce031701fea540783410126f03899a97ffc6f61596ad581ac2e40e3bc3", size = 63815, upload-time = "2025-03-13T11:10:21.14Z" },
]

[[package]]
name = "colorama"
version = "0.4.6"
source = { registry = "https://pypi.org/simple" }
sdist = { url = "https://files.pythonhosted.org/packages/d8/53/6f443c9a4a8358a93a6792e2acffb9d9d5cb0a5cfd8802644b7b1c9a02e4/colorama-0.4.6.tar.gz", hash = "sha256:08695f5cb7ed6e0531a20572697297273c47b8cae5a63ffc6d6ed5c201be6e44", size = 27697, upload-time = "2022-10-25T02:36:22.414Z" }
wheels = [
    { url = "https://files.pythonhosted.org/packages/d1/d6/3965ed04c63042e047cb6a3e6ed1a63a35087b6a609aa3a15ed8ac56c221/colorama-0.4.6-py2.py3-none-any.whl", hash = "sha256:4f1d9991f5acc0ca119f9d443620b77f9d6b33703e51011c16baf57afb285fc6", size = 25335, upload-time = "2022-10-25T02:36:20.889Z" },
]

[[package]]
name = "frozenlist"
version = "1.5.0"
source = { registry = "https://pypi.org/simple" }
sdist = { url = "https://files.pythonhosted.org/packages/8f/ed/0f4cec13a93c02c47ec32d81d11c0c1efbadf4a471e3f3ce7cad366cbbd3/frozenlist-1.5.0.tar.gz", hash = "sha256:81d5af29e61b9c8348e876d442253723928dce6433e0e76cd925cd83f1b4b817", size = 39930, upload-time = "2024-10-23T09:48:29.903Z" }
wheels = [
    { url = "https://files.pythonhosted.org/packages/33/b5/00fcbe8e7e7e172829bf4addc8227d8f599a3d5def3a4e9aa2b54b3145aa/frozenlist-1.5.0-cp38-cp38-macosx_10_9_universal2.whl", hash = "sha256:dd94994fc91a6177bfaafd7d9fd951bc8689b0a98168aa26b5f543868548d3ca", size = 95648, upload-time = "2024-10-23T09:47:43.118Z" },
    { url = "https://files.pythonhosted.org/packages/1e/69/e4a32fc4b2fa8e9cb6bcb1bad9c7eeb4b254bc34da475b23f93264fdc306/frozenlist-1.5.0-cp38-cp38-macosx_10_9_x86_64.whl", hash = "sha256:2d0da8bbec082bf6bf18345b180958775363588678f64998c2b7609e34719b10", size = 54888, upload-time = "2024-10-23T09:47:44.832Z" },
    { url = "https://files.pythonhosted.org/packages/76/a3/c08322a91e73d1199901a77ce73971cffa06d3c74974270ff97aed6e152a/frozenlist-1.5.0-cp38-cp38-macosx_11_0_arm64.whl", hash = "sha256:73f2e31ea8dd7df61a359b731716018c2be196e5bb3b74ddba107f694fbd7604", size = 52975, upload-time = "2024-10-23T09:47:46.579Z" },
    { url = "https://files.pythonhosted.org/packages/fc/60/a315321d8ada167b578ff9d2edc147274ead6129523b3a308501b6621b4f/frozenlist-1.5.0-cp38-cp38-manylinux_2_17_aarch64.manylinux2014_aarch64.whl", hash = "sha256:828afae9f17e6de596825cf4228ff28fbdf6065974e5ac1410cecc22f699d2b3", size = 241912, upload-time = "2024-10-23T09:47:47.687Z" },
    { url = "https://files.pythonhosted.org/packages/bd/d0/1f0980987bca4f94f9e8bae01980b23495ffc2e5049a3da4d9b7d2762bee/frozenlist-1.5.0-cp38-cp38-manylinux_2_17_ppc64le.manylinux2014_ppc64le.whl", hash = "sha256:f1577515d35ed5649d52ab4319db757bb881ce3b2b796d7283e6634d99ace307", size = 259433, upload-time = "2024-10-23T09:47:49.339Z" },
    { url = "https://files.pythonhosted.org/packages/28/e7/d00600c072eec8f18a606e281afdf0e8606e71a4882104d0438429b02468/frozenlist-1.5.0-cp38-cp38-manylinux_2_17_s390x.manylinux2014_s390x.whl", hash = "sha256:2150cc6305a2c2ab33299453e2968611dacb970d2283a14955923062c8d00b10", size = 255576, upload-time = "2024-10-23T09:47:50.519Z" },
    { url = "https://files.pythonhosted.org/packages/82/71/993c5f45dba7be347384ddec1ebc1b4d998291884e7690c06aa6ba755211/frozenlist-1.5.0-cp38-cp38-manylinux_2_5_i686.manylinux1_i686.manylinux_2_17_i686.manylinux2014_i686.whl", hash = "sha256:a72b7a6e3cd2725eff67cd64c8f13335ee18fc3c7befc05aed043d24c7b9ccb9", size = 233349, upload-time = "2024-10-23T09:47:53.197Z" },
    { url = "https://files.pythonhosted.org/packages/66/30/f9c006223feb2ac87f1826b57f2367b60aacc43092f562dab60d2312562e/frozenlist-1.5.0-cp38-cp38-manylinux_2_5_x86_64.manylinux1_x86_64.manylinux_2_17_x86_64.manylinux2014_x86_64.whl", hash = "sha256:c16d2fa63e0800723139137d667e1056bee1a1cf7965153d2d104b62855e9b99", size = 243126, upload-time = "2024-10-23T09:47:54.432Z" },
    { url = "https://files.pythonhosted.org/packages/b5/34/e4219c9343f94b81068d0018cbe37948e66c68003b52bf8a05e9509d09ec/frozenlist-1.5.0-cp38-cp38-musllinux_1_2_aarch64.whl", hash = "sha256:17dcc32fc7bda7ce5875435003220a457bcfa34ab7924a49a1c19f55b6ee185c", size = 241261, upload-time = "2024-10-23T09:47:56.01Z" },
    { url = "https://files.pythonhosted.org/packages/48/96/9141758f6a19f2061a51bb59b9907c92f9bda1ac7b2baaf67a6e352b280f/frozenlist-1.5.0-cp38-cp38-musllinux_1_2_i686.whl", hash = "sha256:97160e245ea33d8609cd2b8fd997c850b56db147a304a262abc2b3be021a9171", size = 240203, upload-time = "2024-10-23T09:47:57.337Z" },
    { url = "https://files.pythonhosted.org/packages/f9/71/0ef5970e68d181571a050958e84c76a061ca52f9c6f50257d9bfdd84c7f7/frozenlist-1.5.0-cp38-cp38-musllinux_1_2_ppc64le.whl", hash = "sha256:f1e6540b7fa044eee0bb5111ada694cf3dc15f2b0347ca125ee9ca984d5e9e6e", size = 267539, upload-time = "2024-10-23T09:47:58.874Z" },
    { url = "https://files.pythonhosted.org/packages/ab/bd/6e7d450c5d993b413591ad9cdab6dcdfa2c6ab2cd835b2b5c1cfeb0323bf/frozenlist-1.5.0-cp38-cp38-musllinux_1_2_s390x.whl", hash = "sha256:91d6c171862df0a6c61479d9724f22efb6109111017c87567cfeb7b5d1449fdf", size = 268518, upload-time = "2024-10-23T09:48:00.771Z" },
    { url = "https://files.pythonhosted.org/packages/cc/3d/5a7c4dfff1ae57ca2cbbe9041521472ecd9446d49e7044a0e9bfd0200fd0/frozenlist-1.5.0-cp38-cp38-musllinux_1_2_x86_64.whl", hash = "sha256:c1fac3e2ace2eb1052e9f7c7db480818371134410e1f5c55d65e8f3ac6d1407e", size = 248114, upload-time = "2024-10-23T09:48:02.625Z" },
    { url = "https://files.pythonhosted.org/packages/f7/41/2342ec4c714349793f1a1e7bd5c4aeec261e24e697fa9a5499350c3a2415/frozenlist-1.5.0-cp38-cp38-win32.whl", hash = "sha256:b97f7b575ab4a8af9b7bc1d2ef7f29d3afee2226bd03ca3875c16451ad5a7723", size = 45648, upload-time = "2024-10-23T09:48:03.895Z" },
    { url = "https://files.pythonhosted.org/packages/0c/90/85bb3547c327f5975078c1be018478d5e8d250a540c828f8f31a35d2a1bd/frozenlist-1.5.0-cp38-cp38-win_amd64.whl", hash = "sha256:374ca2dabdccad8e2a76d40b1d037f5bd16824933bf7bcea3e59c891fd4a0923", size = 51930, upload-time = "2024-10-23T09:48:05.293Z" },
    { url = "https://files.pythonhosted.org/packages/c6/c8/a5be5b7550c10858fcf9b0ea054baccab474da77d37f1e828ce043a3a5d4/frozenlist-1.5.0-py3-none-any.whl", hash = "sha256:d994863bba198a4a518b467bb971c56e1db3f180a25c6cf7bb1949c267f748c3", size = 11901, upload-time = "2024-10-23T09:48:28.851Z" },
]

[[package]]
name = "idna"
version = "3.10"
source = { registry = "https://pypi.org/simple" }
sdist = { url = "https://files.pythonhosted.org/packages/f1/70/7703c29685631f5a7590aa73f1f1d3fa9a380e654b86af429e0934a32f7d/idna-3.10.tar.gz", hash = "sha256:12f65c9b470abda6dc35cf8e63cc574b1c52b11df2c86030af0ac09b01b13ea9", size = 190490, upload-time = "2024-09-15T18:07:39.745Z" }
wheels = [
    { url = "https://files.pythonhosted.org/packages/76/c6/c88e154df9c4e1a2a66ccf0005a88dfb2650c1dffb6f5ce603dfbd452ce3/idna-3.10-py3-none-any.whl", hash = "sha256:946d195a0d259cbba61165e88e65941f16e9b36ea6ddb97f00452bae8b1287d3", size = 70442, upload-time = "2024-09-15T18:07:37.964Z" },
]

[[package]]
name = "loguru"
version = "0.7.3"
source = { registry = "https://pypi.org/simple" }
dependencies = [
    { name = "colorama", marker = "sys_platform == 'win32'" },
    { name = "win32-setctime", marker = "sys_platform == 'win32'" },
]
sdist = { url = "https://files.pythonhosted.org/packages/3a/05/a1dae3dffd1116099471c643b8924f5aa6524411dc6c63fdae648c4f1aca/loguru-0.7.3.tar.gz", hash = "sha256:19480589e77d47b8d85b2c827ad95d49bf31b0dcde16593892eb51dd18706eb6", size = 63559, upload-time = "2024-12-06T11:20:56.608Z" }
wheels = [
    { url = "https://files.pythonhosted.org/packages/0c/29/0348de65b8cc732daa3e33e67806420b2ae89bdce2b04af740289c5c6c8c/loguru-0.7.3-py3-none-any.whl", hash = "sha256:31a33c10c8e1e10422bfd431aeb5d351c7cf7fa671e3c4df004162264b28220c", size = 61595, upload-time = "2024-12-06T11:20:54.538Z" },
]

[[package]]
name = "multidict"
version = "6.1.0"
source = { registry = "https://pypi.org/simple" }
dependencies = [
    { name = "typing-extensions" },
]
sdist = { url = "https://files.pythonhosted.org/packages/d6/be/504b89a5e9ca731cd47487e91c469064f8ae5af93b7259758dcfc2b9c848/multidict-6.1.0.tar.gz", hash = "sha256:22ae2ebf9b0c69d206c003e2f6a914ea33f0a932d4aa16f236afc049d9958f4a", size = 64002, upload-time = "2024-09-09T23:49:38.163Z" }
wheels = [
    { url = "https://files.pythonhosted.org/packages/3e/6a/af41f3aaf5f00fd86cc7d470a2f5b25299b0c84691163b8757f4a1a205f2/multidict-6.1.0-cp38-cp38-macosx_10_9_universal2.whl", hash = "sha256:db7457bac39421addd0c8449933ac32d8042aae84a14911a757ae6ca3eef1392", size = 48597, upload-time = "2024-09-09T23:48:46.391Z" },
    { url = "https://files.pythonhosted.org/packages/d9/d6/3d4082760ed11b05734f8bf32a0615b99e7d9d2b3730ad698a4d7377c00a/multidict-6.1.0-cp38-cp38-macosx_10_9_x86_64.whl", hash = "sha256:d094ddec350a2fb899fec68d8353c78233debde9b7d8b4beeafa70825f1c281a", size = 29338, upload-time = "2024-09-09T23:48:47.891Z" },
    { url = "https://files.pythonhosted.org/packages/9d/7f/5d1ce7f47d44393d429922910afbe88fcd29ee3069babbb47507a4c3a7ea/multidict-6.1.0-cp38-cp38-macosx_11_0_arm64.whl", hash = "sha256:5845c1fd4866bb5dd3125d89b90e57ed3138241540897de748cdf19de8a2fca2", size = 29562, upload-time = "2024-09-09T23:48:49.254Z" },
    { url = "https://files.pythonhosted.org/packages/ce/ec/c425257671af9308a9b626e2e21f7f43841616e4551de94eb3c92aca75b2/multidict-6.1.0-cp38-cp38-manylinux_2_17_aarch64.manylinux2014_aarch64.whl", hash = "sha256:9079dfc6a70abe341f521f78405b8949f96db48da98aeb43f9907f342f627cdc", size = 130980, upload-time = "2024-09-09T23:48:50.606Z" },
    { url = "https://files.pythonhosted.org/packages/d8/d7/d4220ad2633a89b314593e9b85b5bc9287a7c563c7f9108a4a68d9da5374/multidict-6.1.0-cp38-cp38-manylinux_2_17_ppc64le.manylinux2014_ppc64le.whl", hash = "sha256:3914f5aaa0f36d5d60e8ece6a308ee1c9784cd75ec8151062614657a114c4478", size = 136694, upload-time = "2024-09-09T23:48:52.042Z" },
    { url = "https://files.pythonhosted.org/packages/a1/2a/13e554db5830c8d40185a2e22aa8325516a5de9634c3fb2caf3886a829b3/multidict-6.1.0-cp38-cp38-manylinux_2_17_s390x.manylinux2014_s390x.whl", hash = "sha256:c08be4f460903e5a9d0f76818db3250f12e9c344e79314d1d570fc69d7f4eae4", size = 131616, upload-time = "2024-09-09T23:48:54.283Z" },
    { url = "https://files.pythonhosted.org/packages/2e/a9/83692e37d8152f104333132105b67100aabfb2e96a87f6bed67f566035a7/multidict-6.1.0-cp38-cp38-manylinux_2_17_x86_64.manylinux2014_x86_64.whl", hash = "sha256:d093be959277cb7dee84b801eb1af388b6ad3ca6a6b6bf1ed7585895789d027d", size = 129664, upload-time = "2024-09-09T23:48:55.785Z" },
    { url = "https://files.pythonhosted.org/packages/cc/1c/1718cd518fb9da7e8890d9d1611c1af0ea5e60f68ff415d026e38401ed36/multidict-6.1.0-cp38-cp38-manylinux_2_5_i686.manylinux1_i686.manylinux_2_17_i686.manylinux2014_i686.whl", hash = "sha256:3702ea6872c5a2a4eeefa6ffd36b042e9773f05b1f37ae3ef7264b1163c2dcf6", size = 121855, upload-time = "2024-09-09T23:48:57.333Z" },
    { url = "https://files.pythonhosted.org/packages/2b/92/f6ed67514b0e3894198f0eb42dcde22f0851ea35f4561a1e4acf36c7b1be/multidict-6.1.0-cp38-cp38-musllinux_1_2_aarch64.whl", hash = "sha256:2090f6a85cafc5b2db085124d752757c9d251548cedabe9bd31afe6363e0aff2", size = 127928, upload-time = "2024-09-09T23:48:58.778Z" },
    { url = "https://files.pythonhosted.org/packages/f7/30/c66954115a4dc4dc3c84e02c8ae11bb35a43d79ef93122c3c3a40c4d459b/multidict-6.1.0-cp38-cp38-musllinux_1_2_i686.whl", hash = "sha256:f67f217af4b1ff66c68a87318012de788dd95fcfeb24cc889011f4e1c7454dfd", size = 122793, upload-time = "2024-09-09T23:49:00.244Z" },
    { url = "https://files.pythonhosted.org/packages/62/c9/d386d01b43871e8e1631eb7b3695f6af071b7ae1ab716caf371100f0eb24/multidict-6.1.0-cp38-cp38-musllinux_1_2_ppc64le.whl", hash = "sha256:189f652a87e876098bbc67b4da1049afb5f5dfbaa310dd67c594b01c10388db6", size = 132762, upload-time = "2024-09-09T23:49:02.188Z" },
    { url = "https://files.pythonhosted.org/packages/69/ff/f70cb0a2f7a358acf48e32139ce3a150ff18c961ee9c714cc8c0dc7e3584/multidict-6.1.0-cp38-cp38-musllinux_1_2_s390x.whl", hash = "sha256:6bb5992037f7a9eff7991ebe4273ea7f51f1c1c511e6a2ce511d0e7bdb754492", size = 127872, upload-time = "2024-09-09T23:49:04.389Z" },
    { url = "https://files.pythonhosted.org/packages/89/5b/abea7db3ba4cd07752a9b560f9275a11787cd13f86849b5d99c1ceea921d/multidict-6.1.0-cp38-cp38-musllinux_1_2_x86_64.whl", hash = "sha256:ac10f4c2b9e770c4e393876e35a7046879d195cd123b4f116d299d442b335bcd", size = 126161, upload-time = "2024-09-09T23:49:06.306Z" },
    { url = "https://files.pythonhosted.org/packages/22/03/acc77a4667cca4462ee974fc39990803e58fa573d5a923d6e82b7ef6da7e/multidict-6.1.0-cp38-cp38-win32.whl", hash = "sha256:e27bbb6d14416713a8bd7aaa1313c0fc8d44ee48d74497a0ff4c3a1b6ccb5167", size = 26338, upload-time = "2024-09-09T23:49:07.782Z" },
    { url = "https://files.pythonhosted.org/packages/90/bf/3d0c1cc9c8163abc24625fae89c0ade1ede9bccb6eceb79edf8cff3cca46/multidict-6.1.0-cp38-cp38-win_amd64.whl", hash = "sha256:22f3105d4fb15c8f57ff3959a58fcab6ce36814486500cd7485651230ad4d4ef", size = 28736, upload-time = "2024-09-09T23:49:09.126Z" },
    { url = "https://files.pythonhosted.org/packages/99/b7/b9e70fde2c0f0c9af4cc5277782a89b66d35948ea3369ec9f598358c3ac5/multidict-6.1.0-py3-none-any.whl", hash = "sha256:48e171e52d1c4d33888e529b999e5900356b9ae588c2f09a52dcefb158b27506", size = 10051, upload-time = "2024-09-09T23:49:36.506Z" },
]

[[package]]
name = "ng-pranker-monitor"
version = "0.1.0"
source = { virtual = "." }
dependencies = [
    { name = "aiohttp" },
    { name = "aiohttp-cors" },
    { name = "loguru" },
    { name = "watchdog" },
    { name = "websockets" },
]

[package.metadata]
requires-dist = [
    { name = "aiohttp", specifier = ">=3.8.0" },
    { name = "aiohttp-cors", specifier = ">=0.7.0" },
    { name = "loguru", specifier = ">=0.7.3" },
    { name = "watchdog", specifier = ">=4.0.2" },
    { name = "websockets", specifier = ">=12.0" },
]

[[package]]
name = "propcache"
version = "0.2.0"
source = { registry = "https://pypi.org/simple" }
sdist = { url = "https://files.pythonhosted.org/packages/a9/4d/5e5a60b78dbc1d464f8a7bbaeb30957257afdc8512cbb9dfd5659304f5cd/propcache-0.2.0.tar.gz", hash = "sha256:df81779732feb9d01e5d513fad0122efb3d53bbc75f61b2a4f29a020bc985e70", size = 40951, upload-time = "2024-10-07T12:56:36.896Z" }
wheels = [
    { url = "https://files.pythonhosted.org/packages/b4/94/2c3d64420fd58ed462e2b416386d48e72dec027cf7bb572066cf3866e939/propcache-0.2.0-cp38-cp38-macosx_10_9_universal2.whl", hash = "sha256:53d1bd3f979ed529f0805dd35ddaca330f80a9a6d90bc0121d2ff398f8ed8861", size = 82315, upload-time = "2024-10-07T12:55:41.166Z" },
    { url = "https://files.pythonhosted.org/packages/73/b7/9e2a17d9a126f2012b22ddc5d0979c28ca75104e24945214790c1d787015/propcache-0.2.0-cp38-cp38-macosx_10_9_x86_64.whl", hash = "sha256:83928404adf8fb3d26793665633ea79b7361efa0287dfbd372a7e74311d51ee6", size = 47188, upload-time = "2024-10-07T12:55:42.316Z" },
    { url = "https://files.pythonhosted.org/packages/80/ef/18af27caaae5589c08bb5a461cfa136b83b7e7983be604f2140d91f92b97/propcache-0.2.0-cp38-cp38-macosx_11_0_arm64.whl", hash = "sha256:77a86c261679ea5f3896ec060be9dc8e365788248cc1e049632a1be682442063", size = 46314, upload-time = "2024-10-07T12:55:43.544Z" },
    { url = "https://files.pythonhosted.org/packages/fa/df/8dbd3e472baf73251c0fbb571a3f0a4e3a40c52a1c8c2a6c46ab08736ff9/propcache-0.2.0-cp38-cp38-manylinux_2_17_aarch64.manylinux2014_aarch64.whl", hash = "sha256:218db2a3c297a3768c11a34812e63b3ac1c3234c3a086def9c0fee50d35add1f", size = 212874, upload-time = "2024-10-07T12:55:44.823Z" },
    { url = "https://files.pythonhosted.org/packages/7c/57/5d4d783ac594bd56434679b8643673ae12de1ce758116fd8912a7f2313ec/propcache-0.2.0-cp38-cp38-manylinux_2_17_ppc64le.manylinux2014_ppc64le.whl", hash = "sha256:7735e82e3498c27bcb2d17cb65d62c14f1100b71723b68362872bca7d0913d90", size = 224578, upload-time = "2024-10-07T12:55:46.253Z" },
    { url = "https://files.pythonhosted.org/packages/66/27/072be8ad434c9a3aa1b561f527984ea0ed4ac072fd18dfaaa2aa2d6e6a2b/propcache-0.2.0-cp38-cp38-manylinux_2_17_s390x.manylinux2014_s390x.whl", hash = "sha256:20a617c776f520c3875cf4511e0d1db847a076d720714ae35ffe0df3e440be68", size = 222636, upload-time = "2024-10-07T12:55:47.608Z" },
    { url = "https://files.pythonhosted.org/packages/c3/f1/69a30ff0928d07f50bdc6f0147fd9a08e80904fd3fdb711785e518de1021/propcache-0.2.0-cp38-cp38-manylinux_2_17_x86_64.manylinux2014_x86_64.whl", hash = "sha256:67b69535c870670c9f9b14a75d28baa32221d06f6b6fa6f77a0a13c5a7b0a5b9", size = 213573, upload-time = "2024-10-07T12:55:49.82Z" },
    { url = "https://files.pythonhosted.org/packages/a8/2e/c16716ae113fe0a3219978df3665a6fea049d81d50bd28c4ae72a4c77567/propcache-0.2.0-cp38-cp38-manylinux_2_5_i686.manylinux1_i686.manylinux_2_17_i686.manylinux2014_i686.whl", hash = "sha256:4569158070180c3855e9c0791c56be3ceeb192defa2cdf6a3f39e54319e56b89", size = 205438, upload-time = "2024-10-07T12:55:51.231Z" },
    { url = "https://files.pythonhosted.org/packages/e1/df/80e2c5cd5ed56a7bfb1aa58cedb79617a152ae43de7c0a7e800944a6b2e2/propcache-0.2.0-cp38-cp38-musllinux_1_2_aarch64.whl", hash = "sha256:db47514ffdbd91ccdc7e6f8407aac4ee94cc871b15b577c1c324236b013ddd04", size = 202352, upload-time = "2024-10-07T12:55:52.596Z" },
    { url = "https://files.pythonhosted.org/packages/0f/4e/79f665fa04839f30ffb2903211c718b9660fbb938ac7a4df79525af5aeb3/propcache-0.2.0-cp38-cp38-musllinux_1_2_armv7l.whl", hash = "sha256:2a60ad3e2553a74168d275a0ef35e8c0a965448ffbc3b300ab3a5bb9956c2162", size = 200476, upload-time = "2024-10-07T12:55:54.016Z" },
    { url = "https://files.pythonhosted.org/packages/a9/39/b9ea7b011521dd7cfd2f89bb6b8b304f3c789ea6285445bc145bebc83094/propcache-0.2.0-cp38-cp38-musllinux_1_2_i686.whl", hash = "sha256:662dd62358bdeaca0aee5761de8727cfd6861432e3bb828dc2a693aa0471a563", size = 201581, upload-time = "2024-10-07T12:55:56.246Z" },
    { url = "https://files.pythonhosted.org/packages/e4/81/e8e96c97aa0b675a14e37b12ca9c9713b15cfacf0869e64bf3ab389fabf1/propcache-0.2.0-cp38-cp38-musllinux_1_2_ppc64le.whl", hash = "sha256:25a1f88b471b3bc911d18b935ecb7115dff3a192b6fef46f0bfaf71ff4f12418", size = 225628, upload-time = "2024-10-07T12:55:57.686Z" },
    { url = "https://files.pythonhosted.org/packages/eb/99/15f998c502c214f6c7f51462937605d514a8943a9a6c1fa10f40d2710976/propcache-0.2.0-cp38-cp38-musllinux_1_2_s390x.whl", hash = "sha256:f60f0ac7005b9f5a6091009b09a419ace1610e163fa5deaba5ce3484341840e7", size = 229270, upload-time = "2024-10-07T12:55:59.065Z" },
    { url = "https://files.pythonhosted.org/packages/ff/3a/a9f1a0c0e5b994b8f1a1c71bea56bb3e9eeec821cb4dd61e14051c4ba00b/propcache-0.2.0-cp38-cp38-musllinux_1_2_x86_64.whl", hash = "sha256:74acd6e291f885678631b7ebc85d2d4aec458dd849b8c841b57ef04047833bed", size = 207771, upload-time = "2024-10-07T12:56:00.393Z" },
    { url = "https://files.pythonhosted.org/packages/ff/3e/6103906a66d6713f32880cf6a5ba84a1406b4d66e1b9389bb9b8e1789f9e/propcache-0.2.0-cp38-cp38-win32.whl", hash = "sha256:d9b6ddac6408194e934002a69bcaadbc88c10b5f38fb9307779d1c629181815d", size = 41015, upload-time = "2024-10-07T12:56:01.953Z" },
    { url = "https://files.pythonhosted.org/packages/37/23/a30214b4c1f2bea24cc1197ef48d67824fbc41d5cf5472b17c37fef6002c/propcache-0.2.0-cp38-cp38-win_amd64.whl", hash = "sha256:676135dcf3262c9c5081cc8f19ad55c8a64e3f7282a21266d05544450bffc3a5", size = 45749, upload-time = "2024-10-07T12:56:03.095Z" },
    { url = "https://files.pythonhosted.org/packages/3d/b6/e6d98278f2d49b22b4d033c9f792eda783b9ab2094b041f013fc69bcde87/propcache-0.2.0-py3-none-any.whl", hash = "sha256:2ccc28197af5313706511fab3a8b66dcd6da067a1331372c82ea1cb74285e036", size = 11603, upload-time = "2024-10-07T12:56:35.137Z" },
]

[[package]]
name = "typing-extensions"
version = "4.13.2"
source = { registry = "https://pypi.org/simple" }
sdist = { url = "https://files.pythonhosted.org/packages/f6/37/23083fcd6e35492953e8d2aaaa68b860eb422b34627b13f2ce3eb6106061/typing_extensions-4.13.2.tar.gz", hash = "sha256:e6c81219bd689f51865d9e372991c540bda33a0379d5573cddb9a3a23f7caaef", size = 106967, upload-time = "2025-04-10T14:19:05.416Z" }
wheels = [
    { url = "https://files.pythonhosted.org/packages/8b/54/b1ae86c0973cc6f0210b53d508ca3641fb6d0c56823f288d108bc7ab3cc8/typing_extensions-4.13.2-py3-none-any.whl", hash = "sha256:a439e7c04b49fec3e5d3e2beaa21755cadbbdc391694e28ccdd36ca4a1408f8c", size = 45806, upload-time = "2025-04-10T14:19:03.967Z" },
]

[[package]]
name = "watchdog"
version = "4.0.2"
source = { registry = "https://pypi.org/simple" }
sdist = { url = "https://files.pythonhosted.org/packages/4f/38/764baaa25eb5e35c9a043d4c4588f9836edfe52a708950f4b6d5f714fd42/watchdog-4.0.2.tar.gz", hash = "sha256:b4dfbb6c49221be4535623ea4474a4d6ee0a9cef4a80b20c28db4d858b64e270", size = 126587, upload-time = "2024-08-11T07:38:01.623Z" }
wheels = [
    { url = "https://files.pythonhosted.org/packages/55/08/1a9086a3380e8828f65b0c835b86baf29ebb85e5e94a2811a2eb4f889cfd/watchdog-4.0.2-cp38-cp38-macosx_10_9_universal2.whl", hash = "sha256:aa160781cafff2719b663c8a506156e9289d111d80f3387cf3af49cedee1f040", size = 100255, upload-time = "2024-08-11T07:37:26.862Z" },
    { url = "https://files.pythonhosted.org/packages/6c/3e/064974628cf305831f3f78264800bd03b3358ec181e3e9380a36ff156b93/watchdog-4.0.2-cp38-cp38-macosx_10_9_x86_64.whl", hash = "sha256:f6ee8dedd255087bc7fe82adf046f0b75479b989185fb0bdf9a98b612170eac7", size = 92257, upload-time = "2024-08-11T07:37:28.253Z" },
    { url = "https://files.pythonhosted.org/packages/23/69/1d2ad9c12d93bc1e445baa40db46bc74757f3ffc3a3be592ba8dbc51b6e5/watchdog-4.0.2-cp38-cp38-macosx_11_0_arm64.whl", hash = "sha256:0b4359067d30d5b864e09c8597b112fe0a0a59321a0f331498b013fb097406b4", size = 92886, upload-time = "2024-08-11T07:37:29.52Z" },
    { url = "https://files.pythonhosted.org/packages/6b/59/12e03e675d28f450bade6da6bc79ad6616080b317c472b9ae688d2495a03/watchdog-4.0.2-pp38-pypy38_pp73-macosx_10_9_x86_64.whl", hash = "sha256:c100d09ac72a8a08ddbf0629ddfa0b8ee41740f9051429baa8e31bb903ad7508", size = 91682, upload-time = "2024-08-11T07:37:38.901Z" },
    { url = "https://files.pythonhosted.org/packages/ef/69/241998de9b8e024f5c2fbdf4324ea628b4231925305011ca8b7e1c3329f6/watchdog-4.0.2-pp38-pypy38_pp73-macosx_11_0_arm64.whl", hash = "sha256:f5315a8c8dd6dd9425b974515081fc0aadca1d1d61e078d2246509fd756141ee", size = 92249, upload-time = "2024-08-11T07:37:40.143Z" },
    { url = "https://files.pythonhosted.org/packages/8a/b1/25acf6767af6f7e44e0086309825bd8c098e301eed5868dc5350642124b9/watchdog-4.0.2-py3-none-manylinux2014_aarch64.whl", hash = "sha256:936acba76d636f70db8f3c66e76aa6cb5136a936fc2a5088b9ce1c7a3508fc83", size = 82947, upload-time = "2024-08-11T07:37:45.388Z" },
    { url = "https://files.pythonhosted.org/packages/e8/90/aebac95d6f954bd4901f5d46dcd83d68e682bfd21798fd125a95ae1c9dbf/watchdog-4.0.2-py3-none-manylinux2014_armv7l.whl", hash = "sha256:e252f8ca942a870f38cf785aef420285431311652d871409a64e2a0a52a2174c", size = 82942, upload-time = "2024-08-11T07:37:46.722Z" },
    { url = "https://files.pythonhosted.org/packages/15/3a/a4bd8f3b9381824995787488b9282aff1ed4667e1110f31a87b871ea851c/watchdog-4.0.2-py3-none-manylinux2014_i686.whl", hash = "sha256:0e83619a2d5d436a7e58a1aea957a3c1ccbf9782c43c0b4fed80580e5e4acd1a", size = 82947, upload-time = "2024-08-11T07:37:48.941Z" },
    { url = "https://files.pythonhosted.org/packages/09/cc/238998fc08e292a4a18a852ed8274159019ee7a66be14441325bcd811dfd/watchdog-4.0.2-py3-none-manylinux2014_ppc64.whl", hash = "sha256:88456d65f207b39f1981bf772e473799fcdc10801062c36fd5ad9f9d1d463a73", size = 82946, upload-time = "2024-08-11T07:37:50.279Z" },
    { url = "https://files.pythonhosted.org/packages/80/f1/d4b915160c9d677174aa5fae4537ae1f5acb23b3745ab0873071ef671f0a/watchdog-4.0.2-py3-none-manylinux2014_ppc64le.whl", hash = "sha256:32be97f3b75693a93c683787a87a0dc8db98bb84701539954eef991fb35f5fbc", size = 82947, upload-time = "2024-08-11T07:37:51.55Z" },
    { url = "https://files.pythonhosted.org/packages/db/02/56ebe2cf33b352fe3309588eb03f020d4d1c061563d9858a9216ba004259/watchdog-4.0.2-py3-none-manylinux2014_s390x.whl", hash = "sha256:c82253cfc9be68e3e49282831afad2c1f6593af80c0daf1287f6a92657986757", size = 82944, upload-time = "2024-08-11T07:37:52.855Z" },
    { url = "https://files.pythonhosted.org/packages/01/d2/c8931ff840a7e5bd5dcb93f2bb2a1fd18faf8312e9f7f53ff1cf76ecc8ed/watchdog-4.0.2-py3-none-manylinux2014_x86_64.whl", hash = "sha256:c0b14488bd336c5b1845cee83d3e631a1f8b4e9c5091ec539406e4a324f882d8", size = 82947, upload-time = "2024-08-11T07:37:55.172Z" },
    { url = "https://files.pythonhosted.org/packages/d0/d8/cdb0c21a4a988669d7c210c75c6a2c9a0e16a3b08d9f7e633df0d9a16ad8/watchdog-4.0.2-py3-none-win32.whl", hash = "sha256:0d8a7e523ef03757a5aa29f591437d64d0d894635f8a50f370fe37f913ce4e19", size = 82935, upload-time = "2024-08-11T07:37:56.668Z" },
    { url = "https://files.pythonhosted.org/packages/99/2e/b69dfaae7a83ea64ce36538cc103a3065e12c447963797793d5c0a1d5130/watchdog-4.0.2-py3-none-win_amd64.whl", hash = "sha256:c344453ef3bf875a535b0488e3ad28e341adbd5a9ffb0f7d62cefacc8824ef2b", size = 82934, upload-time = "2024-08-11T07:37:57.991Z" },
    { url = "https://files.pythonhosted.org/packages/b0/0b/43b96a9ecdd65ff5545b1b13b687ca486da5c6249475b1a45f24d63a1858/watchdog-4.0.2-py3-none-win_ia64.whl", hash = "sha256:baececaa8edff42cd16558a639a9b0ddf425f93d892e8392a56bf904f5eff22c", size = 82933, upload-time = "2024-08-11T07:37:59.573Z" },
]

[[package]]
name = "websockets"
version = "13.1"
source = { registry = "https://pypi.org/simple" }
sdist = { url = "https://files.pythonhosted.org/packages/e2/73/9223dbc7be3dcaf2a7bbf756c351ec8da04b1fa573edaf545b95f6b0c7fd/websockets-13.1.tar.gz", hash = "sha256:a3b3366087c1bc0a2795111edcadddb8b3b59509d5db5d7ea3fdd69f954a8878", size = 158549, upload-time = "2024-09-21T17:34:21.54Z" }
wheels = [
    { url = "https://files.pythonhosted.org/packages/83/69/59872420e5bce60db166d6fba39ee24c719d339fb0ae48cb2ce580129882/websockets-13.1-cp38-cp38-macosx_10_9_universal2.whl", hash = "sha256:c7934fd0e920e70468e676fe7f1b7261c1efa0d6c037c6722278ca0228ad9d0d", size = 157811, upload-time = "2024-09-21T17:33:27.379Z" },
    { url = "https://files.pythonhosted.org/packages/bb/f7/0610032e0d3981758fdd6ee7c68cc02ebf668a762c5178d3d91748228849/websockets-13.1-cp38-cp38-macosx_10_9_x86_64.whl", hash = "sha256:149e622dc48c10ccc3d2760e5f36753db9cacf3ad7bc7bbbfd7d9c819e286f23", size = 155471, upload-time = "2024-09-21T17:33:28.473Z" },
    { url = "https://files.pythonhosted.org/packages/55/2f/c43173a72ea395263a427a36d25bce2675f41c809424466a13c61a9a2d61/websockets-13.1-cp38-cp38-macosx_11_0_arm64.whl", hash = "sha256:a569eb1b05d72f9bce2ebd28a1ce2054311b66677fcd46cf36204ad23acead8c", size = 155713, upload-time = "2024-09-21T17:33:29.795Z" },
    { url = "https://files.pythonhosted.org/packages/92/7e/8fa930c6426a56c47910792717787640329e4a0e37cdfda20cf89da67126/websockets-13.1-cp38-cp38-manylinux_2_17_aarch64.manylinux2014_aarch64.whl", hash = "sha256:95df24ca1e1bd93bbca51d94dd049a984609687cb2fb08a7f2c56ac84e9816ea", size = 164995, upload-time = "2024-09-21T17:33:30.802Z" },
    { url = "https://files.pythonhosted.org/packages/27/29/50ed4c68a3f606565a2db4b13948ae7b6f6c53aa9f8f258d92be6698d276/websockets-13.1-cp38-cp38-manylinux_2_5_i686.manylinux1_i686.manylinux_2_17_i686.manylinux2014_i686.whl", hash = "sha256:d8dbb1bf0c0a4ae8b40bdc9be7f644e2f3fb4e8a9aca7145bfa510d4a374eeb7", size = 164057, upload-time = "2024-09-21T17:33:31.862Z" },
    { url = "https://files.pythonhosted.org/packages/3c/0e/60da63b1c53c47f389f79312b3356cb305600ffad1274d7ec473128d4e6b/websockets-13.1-cp38-cp38-manylinux_2_5_x86_64.manylinux1_x86_64.manylinux_2_17_x86_64.manylinux2014_x86_64.whl", hash = "sha256:035233b7531fb92a76beefcbf479504db8c72eb3bff41da55aecce3a0f729e54", size = 164340, upload-time = "2024-09-21T17:33:33.022Z" },
    { url = "https://files.pythonhosted.org/packages/20/ef/d87c5fc0aa7fafad1d584b6459ddfe062edf0d0dd64800a02e67e5de048b/websockets-13.1-cp38-cp38-musllinux_1_2_aarch64.whl", hash = "sha256:e4450fc83a3df53dec45922b576e91e94f5578d06436871dce3a6be38e40f5db", size = 164222, upload-time = "2024-09-21T17:33:34.423Z" },
    { url = "https://files.pythonhosted.org/packages/f2/c4/7916e1f6b5252d3dcb9121b67d7fdbb2d9bf5067a6d8c88885ba27a9e69c/websockets-13.1-cp38-cp38-musllinux_1_2_i686.whl", hash = "sha256:463e1c6ec853202dd3657f156123d6b4dad0c546ea2e2e38be2b3f7c5b8e7295", size = 163647, upload-time = "2024-09-21T17:33:35.841Z" },
    { url = "https://files.pythonhosted.org/packages/de/df/2ebebb807f10993c35c10cbd3628a7944b66bd5fb6632a561f8666f3a68e/websockets-13.1-cp38-cp38-musllinux_1_2_x86_64.whl", hash = "sha256:6d6855bbe70119872c05107e38fbc7f96b1d8cb047d95c2c50869a46c65a8e96", size = 163590, upload-time = "2024-09-21T17:33:37.61Z" },
    { url = "https://files.pythonhosted.org/packages/b5/82/d48911f56bb993c11099a1ff1d4041d9d1481d50271100e8ee62bc28f365/websockets-13.1-cp38-cp38-win32.whl", hash = "sha256:204e5107f43095012b00f1451374693267adbb832d29966a01ecc4ce1db26faf", size = 158701, upload-time = "2024-09-21T17:33:38.695Z" },
    { url = "https://files.pythonhosted.org/packages/8b/b3/945aacb21fc89ad150403cbaa974c9e846f098f16d9f39a3dd6094f9beb1/websockets-13.1-cp38-cp38-win_amd64.whl", hash = "sha256:485307243237328c022bc908b90e4457d0daa8b5cf4b3723fd3c4a8012fce4c6", size = 159146, upload-time = "2024-09-21T17:33:39.855Z" },
    { url = "https://files.pythonhosted.org/packages/5e/a1/5ae6d0ef2e61e2b77b3b4678949a634756544186620a728799acdf5c3482/websockets-13.1-pp38-pypy38_pp73-macosx_10_9_x86_64.whl", hash = "sha256:9156c45750b37337f7b0b00e6248991a047be4aa44554c9886fe6bdd605aab3b", size = 155433, upload-time = "2024-09-21T17:34:03.88Z" },
    { url = "https://files.pythonhosted.org/packages/0d/2f/addd33f85600d210a445f817ff0d79d2b4d0eb6f3c95b9f35531ebf8f57c/websockets-13.1-pp38-pypy38_pp73-macosx_11_0_arm64.whl", hash = "sha256:80c421e07973a89fbdd93e6f2003c17d20b69010458d3a8e37fb47874bd67d51", size = 155733, upload-time = "2024-09-21T17:34:05.173Z" },
    { url = "https://files.pythonhosted.org/packages/74/0b/f8ec74ac3b14a983289a1b42dc2c518a0e2030b486d0549d4f51ca11e7c9/websockets-13.1-pp38-pypy38_pp73-manylinux_2_17_aarch64.manylinux2014_aarch64.whl", hash = "sha256:82d0ba76371769d6a4e56f7e83bb8e81846d17a6190971e38b5de108bde9b0d7", size = 157093, upload-time = "2024-09-21T17:34:06.398Z" },
    { url = "https://files.pythonhosted.org/packages/ad/4c/aa5cc2f718ee4d797411202f332c8281f04c42d15f55b02f7713320f7a03/websockets-13.1-pp38-pypy38_pp73-manylinux_2_5_i686.manylinux1_i686.manylinux_2_17_i686.manylinux2014_i686.whl", hash = "sha256:e9875a0143f07d74dc5e1ded1c4581f0d9f7ab86c78994e2ed9e95050073c94d", size = 156701, upload-time = "2024-09-21T17:34:07.582Z" },
    { url = "https://files.pythonhosted.org/packages/1f/4b/7c5b2d0d0f0f1a54f27c60107cf1f201bee1f88c5508f87408b470d09a9c/websockets-13.1-pp38-pypy38_pp73-manylinux_2_5_x86_64.manylinux1_x86_64.manylinux_2_17_x86_64.manylinux2014_x86_64.whl", hash = "sha256:a11e38ad8922c7961447f35c7b17bffa15de4d17c70abd07bfbe12d6faa3e027", size = 156648, upload-time = "2024-09-21T17:34:08.734Z" },
    { url = "https://files.pythonhosted.org/packages/f3/63/35f3fb073884a9fd1ce5413b2dcdf0d9198b03dac6274197111259cbde06/websockets-13.1-pp38-pypy38_pp73-win_amd64.whl", hash = "sha256:4059f790b6ae8768471cddb65d3c4fe4792b0ab48e154c9f0a04cefaabcd5978", size = 159188, upload-time = "2024-09-21T17:34:10.018Z" },
    { url = "https://files.pythonhosted.org/packages/56/27/96a5cd2626d11c8280656c6c71d8ab50fe006490ef9971ccd154e0c42cd2/websockets-13.1-py3-none-any.whl", hash = "sha256:a9a396a6ad26130cdae92ae10c36af09d9bfe6cafe69670fd3b6da9b07b4044f", size = 152134, upload-time = "2024-09-21T17:34:19.904Z" },
]

[[package]]
name = "win32-setctime"
version = "1.2.0"
source = { registry = "https://pypi.org/simple" }
sdist = { url = "https://files.pythonhosted.org/packages/b3/8f/705086c9d734d3b663af0e9bb3d4de6578d08f46b1b101c2442fd9aecaa2/win32_setctime-1.2.0.tar.gz", hash = "sha256:ae1fdf948f5640aae05c511ade119313fb6a30d7eabe25fef9764dca5873c4c0", size = 4867, upload-time = "2024-12-07T15:28:28.314Z" }
wheels = [
    { url = "https://files.pythonhosted.org/packages/e1/07/c6fe3ad3e685340704d314d765b7912993bcb8dc198f0e7a89382d37974b/win32_setctime-1.2.0-py3-none-any.whl", hash = "sha256:95d644c4e708aba81dc3704a116d8cbc974d70b3bdb8be1d150e36be6e9d1390", size = 4083, upload-time = "2024-12-07T15:28:26.465Z" },
]

[[package]]
name = "yarl"
version = "1.15.2"
source = { registry = "https://pypi.org/simple" }
dependencies = [
    { name = "idna" },
    { name = "multidict" },
    { name = "propcache" },
]
sdist = { url = "https://files.pythonhosted.org/packages/06/e1/d5427a061819c9f885f58bb0467d02a523f1aec19f9e5f9c82ce950d90d3/yarl-1.15.2.tar.gz", hash = "sha256:a39c36f4218a5bb668b4f06874d676d35a035ee668e6e7e3538835c703634b84", size = 169318, upload-time = "2024-10-13T18:48:04.311Z" }
wheels = [
    { url = "https://files.pythonhosted.org/packages/7b/1f/544439ce6b7a498327d57ff40f0cd4f24bf4b1c1daf76c8c962dca022e71/yarl-1.15.2-cp38-cp38-macosx_10_9_universal2.whl", hash = "sha256:fbbb63bed5fcd70cd3dd23a087cd78e4675fb5a2963b8af53f945cbbca79ae16", size = 138555, upload-time = "2024-10-13T18:46:50.448Z" },
    { url = "https://files.pythonhosted.org/packages/e8/b7/d6f33e7a42832f1e8476d0aabe089be0586a9110b5dfc2cef93444dc7c21/yarl-1.15.2-cp38-cp38-macosx_10_9_x86_64.whl", hash = "sha256:e2e93b88ecc8f74074012e18d679fb2e9c746f2a56f79cd5e2b1afcf2a8a786b", size = 89844, upload-time = "2024-10-13T18:46:52.297Z" },
    { url = "https://files.pythonhosted.org/packages/93/34/ede8d8ed7350b4b21e33fc4eff71e08de31da697034969b41190132d421f/yarl-1.15.2-cp38-cp38-macosx_11_0_arm64.whl", hash = "sha256:af8ff8d7dc07ce873f643de6dfbcd45dc3db2c87462e5c387267197f59e6d776", size = 87671, upload-time = "2024-10-13T18:46:54.104Z" },
    { url = "https://files.pythonhosted.org/packages/fa/51/6d71e92bc54b5788b18f3dc29806f9ce37e12b7c610e8073357717f34b78/yarl-1.15.2-cp38-cp38-manylinux_2_17_aarch64.manylinux2014_aarch64.whl", hash = "sha256:66f629632220a4e7858b58e4857927dd01a850a4cef2fb4044c8662787165cf7", size = 314558, upload-time = "2024-10-13T18:46:55.885Z" },
    { url = "https://files.pythonhosted.org/packages/76/0a/f9ffe503b4ef77cd77c9eefd37717c092e26f2c2dbbdd45700f864831292/yarl-1.15.2-cp38-cp38-manylinux_2_17_ppc64le.manylinux2014_ppc64le.whl", hash = "sha256:833547179c31f9bec39b49601d282d6f0ea1633620701288934c5f66d88c3e50", size = 327622, upload-time = "2024-10-13T18:46:58.173Z" },
    { url = "https://files.pythonhosted.org/packages/8b/38/8eb602eeb153de0189d572dce4ed81b9b14f71de7c027d330b601b4fdcdc/yarl-1.15.2-cp38-cp38-manylinux_2_17_s390x.manylinux2014_s390x.whl", hash = "sha256:2aa738e0282be54eede1e3f36b81f1e46aee7ec7602aa563e81e0e8d7b67963f", size = 324447, upload-time = "2024-10-13T18:47:00.263Z" },
    { url = "https://files.pythonhosted.org/packages/c2/1e/1c78c695a4c7b957b5665e46a89ea35df48511dbed301a05c0a8beed0cc3/yarl-1.15.2-cp38-cp38-manylinux_2_17_x86_64.manylinux2014_x86_64.whl", hash = "sha256:9a13a07532e8e1c4a5a3afff0ca4553da23409fad65def1b71186fb867eeae8d", size = 319009, upload-time = "2024-10-13T18:47:02.417Z" },
    { url = "https://files.pythonhosted.org/packages/06/a0/7ea93de4ca1991e7f92a8901dcd1585165f547d342f7c6f36f1ea58b75de/yarl-1.15.2-cp38-cp38-manylinux_2_5_i686.manylinux1_i686.manylinux_2_17_i686.manylinux2014_i686.whl", hash = "sha256:c45817e3e6972109d1a2c65091504a537e257bc3c885b4e78a95baa96df6a3f8", size = 307760, upload-time = "2024-10-13T18:47:04.553Z" },
    { url = "https://files.pythonhosted.org/packages/f4/b4/ceaa1f35cfb37fe06af3f7404438abf9a1262dc5df74dba37c90b0615e06/yarl-1.15.2-cp38-cp38-musllinux_1_2_aarch64.whl", hash = "sha256:670eb11325ed3a6209339974b276811867defe52f4188fe18dc49855774fa9cf", size = 315038, upload-time = "2024-10-13T18:47:06.482Z" },
    { url = "https://files.pythonhosted.org/packages/da/45/a2ca2b547c56550eefc39e45d61e4b42ae6dbb3e913810b5a0eb53e86412/yarl-1.15.2-cp38-cp38-musllinux_1_2_armv7l.whl", hash = "sha256:d417a4f6943112fae3924bae2af7112562285848d9bcee737fc4ff7cbd450e6c", size = 312898, upload-time = "2024-10-13T18:47:09.291Z" },
    { url = "https://files.pythonhosted.org/packages/ea/e0/f692ba36dedc5b0b22084bba558a7ede053841e247b7dd2adbb9d40450be/yarl-1.15.2-cp38-cp38-musllinux_1_2_i686.whl", hash = "sha256:bc8936d06cd53fddd4892677d65e98af514c8d78c79864f418bbf78a4a2edde4", size = 319370, upload-time = "2024-10-13T18:47:11.647Z" },
    { url = "https://files.pythonhosted.org/packages/b1/3f/0e382caf39958be6ae61d4bb0c82a68a3c45a494fc8cdc6f55c29757970e/yarl-1.15.2-cp38-cp38-musllinux_1_2_ppc64le.whl", hash = "sha256:954dde77c404084c2544e572f342aef384240b3e434e06cecc71597e95fd1ce7", size = 332429, upload-time = "2024-10-13T18:47:13.88Z" },
    { url = "https://files.pythonhosted.org/packages/21/6b/c824a4a1c45d67b15b431d4ab83b63462bfcbc710065902e10fa5c2ffd9e/yarl-1.15.2-cp38-cp38-musllinux_1_2_s390x.whl", hash = "sha256:5bc0df728e4def5e15a754521e8882ba5a5121bd6b5a3a0ff7efda5d6558ab3d", size = 333143, upload-time = "2024-10-13T18:47:16.141Z" },
    { url = "https://files.pythonhosted.org/packages/20/76/8af2a1d93fe95b04e284b5d55daaad33aae6e2f6254a1bcdb40e2752af6c/yarl-1.15.2-cp38-cp38-musllinux_1_2_x86_64.whl", hash = "sha256:b71862a652f50babab4a43a487f157d26b464b1dedbcc0afda02fd64f3809d04", size = 326687, upload-time = "2024-10-13T18:47:18.179Z" },
    { url = "https://files.pythonhosted.org/packages/1c/53/490830773f907ef8a311cc5d82e5830f75f7692c1adacbdb731d3f1246fd/yarl-1.15.2-cp38-cp38-win32.whl", hash = "sha256:63eab904f8630aed5a68f2d0aeab565dcfc595dc1bf0b91b71d9ddd43dea3aea", size = 78705, upload-time = "2024-10-13T18:47:20.876Z" },
    { url = "https://files.pythonhosted.org/packages/9c/9d/d944e897abf37f50f4fa2d8d6f5fd0ed9413bc8327d3b4cc25ba9694e1ba/yarl-1.15.2-cp38-cp38-win_amd64.whl", hash = "sha256:2cf441c4b6e538ba0d2591574f95d3fdd33f1efafa864faa077d9636ecc0c4e9", size = 84998, upload-time = "2024-10-13T18:47:23.301Z" },
    { url = "https://files.pythonhosted.org/packages/46/cf/a28c494decc9c8776b0d7b729c68d26fdafefcedd8d2eab5d9cd767376b2/yarl-1.15.2-py3-none-any.whl", hash = "sha256:0d3105efab7c5c091609abacad33afff33bdff0035bece164c98bcf5a85ef90a", size = 38891, upload-time = "2024-10-13T18:48:00.883Z" },
]
